{
  "version": "2",
  "remote": {
    "https://cdn.skypack.dev/-/cuid@v2.1.8-SlZVEPKOp30qQBfBnpTs/dist=es2019,mode=imports/optimized/cuid.js": "78e474d04fc8099ff9ad7663a797f79d61f2fac3be95da49028b1a136c204633",
    "https://cdn.skypack.dev/-/reflect-metadata@v0.1.13-2q0kMoIoofpsHKem8eN2/dist=es2019,mode=imports/optimized/reflect-metadata.js": "cf32f0fa49d1bdf9d73e0488115729cb093279451e13ac438a851034223275bd",
    "https://cdn.skypack.dev/-/reflect-metadata@v0.1.13-2q0kMoIoofpsHKem8eN2/dist=es2019,mode=types/index.d.ts": "8d6d51a5118d000ed3bfe6e1dd1335bebfff3fef23cd2af2f84a24d30f90cc90",
    "https://cdn.skypack.dev/-/remult@v0.20.5-cqeeObIGj4NApPWLym2s/dist=es2019,mode=imports/optimized/common/JsonEntityFileStorage-037b6461.js": "bb8b5903d3f57e2f3dac2dfc92b8032b69ff2242b78c1a76a3b920702c798e79",
    "https://cdn.skypack.dev/-/remult@v0.20.5-cqeeObIGj4NApPWLym2s/dist=es2019,mode=imports/optimized/common/SubscriptionServer-c2d7f4e4.js": "6100536e039f116684658076dfafe846fee4f6ef762941c12c220196d6293ec3",
    "https://cdn.skypack.dev/-/remult@v0.20.5-cqeeObIGj4NApPWLym2s/dist=es2019,mode=imports/optimized/common/expressBridge-d6800d0c.js": "b030436de5d6495cee6bd709b0d77e2b88a60097f2f46882615f50ce6e51c426",
    "https://cdn.skypack.dev/-/remult@v0.20.5-cqeeObIGj4NApPWLym2s/dist=es2019,mode=imports/optimized/common/json-data-provider-f410320a.js": "238e62cafbb75677738a140f378facf6480ad93d5d767361491d020664a8f69d",
    "https://cdn.skypack.dev/-/remult@v0.20.5-cqeeObIGj4NApPWLym2s/dist=es2019,mode=imports/optimized/common/validators-039c92a5.js": "209002e516e5f9efe7761b3fca2204431c0d7d9d50ff68feec7b502a2d52bc8b",
    "https://cdn.skypack.dev/-/remult@v0.20.5-cqeeObIGj4NApPWLym2s/dist=es2019,mode=imports/optimized/remult.js": "6310477e91ce687968bc22da12bddc58e00b7d48718292df86b7cdd91d6fa2a7",
    "https://cdn.skypack.dev/-/remult@v0.20.5-cqeeObIGj4NApPWLym2s/dist=es2019,mode=imports/optimized/remult/remult-fresh.js": "5b7525ac86bed51d3d1439dd74ce39f2ccf0897d97578043a105728dd1c9ea8e",
    "https://cdn.skypack.dev/-/remult@v0.20.5-cqeeObIGj4NApPWLym2s/dist=es2019,mode=types/classType.d.ts": "f83a3b6b79a5988a2df29b8b50fe35bd265a9b841494dd0076b3a414b68a4c8d",
    "https://cdn.skypack.dev/-/remult@v0.20.5-cqeeObIGj4NApPWLym2s/dist=es2019,mode=types/index.d.ts": "03ad306f27ad57296a947675bd52f2eea230a8df44b17b077a6d0749b1492571",
    "https://cdn.skypack.dev/-/remult@v0.20.5-cqeeObIGj4NApPWLym2s/dist=es2019,mode=types/remult-fresh.d.ts": "437696003e726a97d05563f52d7421ce21b1cecd971266f616b7db031e533d1d",
    "https://cdn.skypack.dev/-/remult@v0.20.5-cqeeObIGj4NApPWLym2s/dist=es2019,mode=types/server/expressBridge.d.ts": "28b768295cc442b599b2b72ab78810e2a23b27294faeedee385ac322de9aec28",
    "https://cdn.skypack.dev/-/remult@v0.20.5-cqeeObIGj4NApPWLym2s/dist=es2019,mode=types/src/__EntityValueProvider.d.ts": "68f88b55527c97e535e10620719ba64eef47eb2773128dbc917036b78f10b47c",
    "https://cdn.skypack.dev/-/remult@v0.20.5-cqeeObIGj4NApPWLym2s/dist=es2019,mode=types/src/__RowsOfDataForTesting.d.ts": "ecff6ebc1ad3bec81b44be545510cc8fdb33be53895edae3a6b3193293a9ea36",
    "https://cdn.skypack.dev/-/remult@v0.20.5-cqeeObIGj4NApPWLym2s/dist=es2019,mode=types/src/buildRestDataProvider.d.ts": "c7aaaff3a8d6c0c6493df9ce13e83bf89bdab4e391bbe7377bbd530750bccb30",
    "https://cdn.skypack.dev/-/remult@v0.20.5-cqeeObIGj4NApPWLym2s/dist=es2019,mode=types/src/column-interfaces.d.ts": "77a7d1b8b33f6a498efd45ad6c584e75bd9b97b06c4322618d17268c4c6b9f7f",
    "https://cdn.skypack.dev/-/remult@v0.20.5-cqeeObIGj4NApPWLym2s/dist=es2019,mode=types/src/column.d.ts": "8f4de2b929867794b2f23bb9ed82789f6d1ff4244628a1ddca740025caeb1fc4",
    "https://cdn.skypack.dev/-/remult@v0.20.5-cqeeObIGj4NApPWLym2s/dist=es2019,mode=types/src/context.d.ts": "a6a37066d0b57b9fbe62715a400bcfb07d833085edde145f4aba5306005cf0e5",
    "https://cdn.skypack.dev/-/remult@v0.20.5-cqeeObIGj4NApPWLym2s/dist=es2019,mode=types/src/data-api.d.ts": "6a4688ba15cb8da32cce04bbd0f8c8a3ffc9df57bf45d8be8692b46aac929e01",
    "https://cdn.skypack.dev/-/remult@v0.20.5-cqeeObIGj4NApPWLym2s/dist=es2019,mode=types/src/data-interfaces.d.ts": "fe7f1baeb6a919c1dc668c6ed82a5e36a405f041003ab3779537d0da3530f6a5",
    "https://cdn.skypack.dev/-/remult@v0.20.5-cqeeObIGj4NApPWLym2s/dist=es2019,mode=types/src/data-providers/array-entity-data-provider.d.ts": "413f37520040dd560717f628330980747778a52dff5b611d49f855bab37bcfc4",
    "https://cdn.skypack.dev/-/remult@v0.20.5-cqeeObIGj4NApPWLym2s/dist=es2019,mode=types/src/data-providers/in-memory-database.d.ts": "09a9d3a910101ea04ae90cc80b2b7b1d12e23000a670ab4a583a0b508b219fb1",
    "https://cdn.skypack.dev/-/remult@v0.20.5-cqeeObIGj4NApPWLym2s/dist=es2019,mode=types/src/data-providers/json-data-provider.d.ts": "467315882b54760dc98d1db3e21c2bb1e4b19458764561a9f20b36393184a062",
    "https://cdn.skypack.dev/-/remult@v0.20.5-cqeeObIGj4NApPWLym2s/dist=es2019,mode=types/src/data-providers/rest-data-provider.d.ts": "39c713bbb42b41d41131156de43a8b62a7b2b21e4f6a2f0587fbbc39390dfc72",
    "https://cdn.skypack.dev/-/remult@v0.20.5-cqeeObIGj4NApPWLym2s/dist=es2019,mode=types/src/data-providers/sql-database.d.ts": "5f9b9bdd67c4c3f7baf4ccd583b36d008ff1231c7bf4ff1ddea74db8fe4f1a1c",
    "https://cdn.skypack.dev/-/remult@v0.20.5-cqeeObIGj4NApPWLym2s/dist=es2019,mode=types/src/data-providers/web-sql-data-provider.d.ts": "8372cc70dc0380256fdf8f745e6938ed073e5f4c8a9e68cdd17583cd17085640",
    "https://cdn.skypack.dev/-/remult@v0.20.5-cqeeObIGj4NApPWLym2s/dist=es2019,mode=types/src/entity.d.ts": "78cb57d16e9ba16cea40bbd0ed76c865f7b9b0dc79b0f7bb73a67710f045d51f",
    "https://cdn.skypack.dev/-/remult@v0.20.5-cqeeObIGj4NApPWLym2s/dist=es2019,mode=types/src/filter/filter-consumer-bridge-to-sql-request.d.ts": "5e4f3e39a677db08dd4cc41e035719cb399ae03beb5ec5b5ae5f5bc4d505086b",
    "https://cdn.skypack.dev/-/remult@v0.20.5-cqeeObIGj4NApPWLym2s/dist=es2019,mode=types/src/filter/filter-interfaces.d.ts": "4c3cabd750e0f24a1a4cf3e5596020806154dbf14eb26df5fec2403d3cb8f65e",
    "https://cdn.skypack.dev/-/remult@v0.20.5-cqeeObIGj4NApPWLym2s/dist=es2019,mode=types/src/id-entity.d.ts": "85aa984db631800f92db9e5132663389bb449c80e67f294403d4dfa74f5b8031",
    "https://cdn.skypack.dev/-/remult@v0.20.5-cqeeObIGj4NApPWLym2s/dist=es2019,mode=types/src/live-query/SubscriptionChannel.d.ts": "e8edd44bf5b7e893399795dd58a1405e98eaac9741c0bc4a97faa840af9ce634",
    "https://cdn.skypack.dev/-/remult@v0.20.5-cqeeObIGj4NApPWLym2s/dist=es2019,mode=types/src/live-query/SubscriptionServer.d.ts": "f9aa01af05c1eeffc03d81f67cf0c13a31ecd4f527ba3edd9a95b77d5e206ebc",
    "https://cdn.skypack.dev/-/remult@v0.20.5-cqeeObIGj4NApPWLym2s/dist=es2019,mode=types/src/remult-proxy.d.ts": "e8873c2e86f265437e68f45d09a3c3d0136cf3d8df04ce8103884e72572bcd52",
    "https://cdn.skypack.dev/-/remult@v0.20.5-cqeeObIGj4NApPWLym2s/dist=es2019,mode=types/src/remult3/DecoratorReplacer.d.ts": "08432b04161262b39aaf8eaf9b22a49c67a06d5f8e811544197c539a2a08b38c",
    "https://cdn.skypack.dev/-/remult@v0.20.5-cqeeObIGj4NApPWLym2s/dist=es2019,mode=types/src/remult3/RepositoryImplementation.d.ts": "2669d31f8bdf70d4afaaaeb93f5fecd822963884e6511d83ef68b84978c645c2",
    "https://cdn.skypack.dev/-/remult@v0.20.5-cqeeObIGj4NApPWLym2s/dist=es2019,mode=types/src/remult3/index.d.ts": "599a0c38597df9a4f9c68766bea05a864f957b3748e231f2de1661d59ee4193c",
    "https://cdn.skypack.dev/-/remult@v0.20.5-cqeeObIGj4NApPWLym2s/dist=es2019,mode=types/src/remult3/remult3.d.ts": "5a04e6f1363b1793a608e57a5c0f326805084f97e3ef81a2cbb8c475d8f9da56",
    "https://cdn.skypack.dev/-/remult@v0.20.5-cqeeObIGj4NApPWLym2s/dist=es2019,mode=types/src/server-action.d.ts": "ef6d1dd829476364ff4d432b805f6c78ad3431eb53eea33d5bce4004d96fe4cc",
    "https://cdn.skypack.dev/-/remult@v0.20.5-cqeeObIGj4NApPWLym2s/dist=es2019,mode=types/src/sort.d.ts": "1372ec4acc51f7cb1d4f22a843f6705db349f696bbda5ae1607044ddbfa35ca4",
    "https://cdn.skypack.dev/-/remult@v0.20.5-cqeeObIGj4NApPWLym2s/dist=es2019,mode=types/src/sql-command.d.ts": "32fab06747a1308caae0fa7058da05fea7a49708d7ac812684e6f89e14454116",
    "https://cdn.skypack.dev/-/remult@v0.20.5-cqeeObIGj4NApPWLym2s/dist=es2019,mode=types/src/validators.d.ts": "1096109430c4a087364761bdebb9f3d3ed9460ba83e996999e3e237a75fe4e71",
    "https://cdn.skypack.dev/-/remult@v0.20.5-cqeeObIGj4NApPWLym2s/dist=es2019,mode=types/src/valueConverters.d.ts": "feac0d5ce647ae52021ad195798f2670e772429c8933f3e98597454568b31042",
    "https://cdn.skypack.dev/-/remult@v0.20.5-cqeeObIGj4NApPWLym2s/dist=es2019,mode=types/urlBuilder.d.ts": "d72c4e621d1ab08f3590999589b2fc3ef7f145153012285ab1d01db399925c5e",
    "https://cdn.skypack.dev/-/tslib@v2.5.3-1XH3UUsehGnKvJN8vysu/dist=es2019,mode=imports/optimized/tslib.js": "b116ac83f60472d41318a7a24e3c7e9471d965fb0a88519f44666c2a5e7b2599",
    "https://cdn.skypack.dev/-/uuid@v8.3.2-XAQ9X05vJqvKpZccxFGc/dist=es2019,mode=imports/optimized/uuid.js": "2269db8209b0d0e0430b48430585ef0dfe4388c020b7d371643f318a3b795164",
    "https://cdn.skypack.dev/error/build:remult@v0.20.5-exp.1-vPDhD0XJCOdo73Kfl2Yk": "35ea4a1eb39c39f43568adea2e6dc315c89baf75b1efdf92bdd083821a6f42eb",
    "https://cdn.skypack.dev/remult@0.20.5/remult-fresh?dts": "98c751014a449efc97552d335a7797bea2dc199c5f0ba93c846be75ddb2c1cd6",
    "https://cdn.skypack.dev/remult@0.20.5?dts": "fc31df8a3d702bfb0736a39d06a9febf4cf10560fa6232166263fc35c59b4201",
    "https://crux.land/api/get/uYQG.ts": "7be58811e3095cf468a323380aff64515bc30d025da53262894cbca77f50fefc",
    "https://deno.land/std@0.107.0/_util/assert.ts": "2f868145a042a11d5ad0a3c748dcf580add8a0dbc0e876eaa0026303a5488f58",
    "https://deno.land/std@0.107.0/_util/os.ts": "dfb186cc4e968c770ab6cc3288bd65f4871be03b93beecae57d657232ecffcac",
    "https://deno.land/std@0.107.0/path/_constants.ts": "1247fee4a79b70c89f23499691ef169b41b6ccf01887a0abd131009c5581b853",
    "https://deno.land/std@0.107.0/path/_interface.ts": "1fa73b02aaa24867e481a48492b44f2598cd9dfa513c7b34001437007d3642e4",
    "https://deno.land/std@0.107.0/path/_util.ts": "2e06a3b9e79beaf62687196bd4b60a4c391d862cfa007a20fc3a39f778ba073b",
    "https://deno.land/std@0.107.0/path/common.ts": "f41a38a0719a1e85aa11c6ba3bea5e37c15dd009d705bd8873f94c833568cbc4",
    "https://deno.land/std@0.107.0/path/glob.ts": "46708a3249cb5dc4a116cae3055114d6339bd5f0c1f412db6a4e0cb44c828a7d",
    "https://deno.land/std@0.107.0/path/mod.ts": "4465dc494f271b02569edbb4a18d727063b5dbd6ed84283ff906260970a15d12",
    "https://deno.land/std@0.107.0/path/posix.ts": "34349174b9cd121625a2810837a82dd8b986bbaaad5ade690d1de75bbb4555b2",
    "https://deno.land/std@0.107.0/path/separator.ts": "8fdcf289b1b76fd726a508f57d3370ca029ae6976fcde5044007f062e643ff1c",
    "https://deno.land/std@0.107.0/path/win32.ts": "2edb2f71f10578ee1168de01a8cbd3c65483e45a46bc2fa3156a0c6bfbd2720d",
    "https://deno.land/std@0.128.0/_util/assert.ts": "e94f2eb37cebd7f199952e242c77654e43333c1ac4c5c700e929ea3aa5489f74",
    "https://deno.land/std@0.128.0/_util/os.ts": "49b92edea1e82ba295ec946de8ffd956ed123e2948d9bd1d3e901b04e4307617",
    "https://deno.land/std@0.128.0/async/deadline.ts": "48ac998d7564969f3e6ec6b6f9bf0217ebd00239b1b2292feba61272d5dd58d0",
    "https://deno.land/std@0.128.0/async/debounce.ts": "564273ef242bcfcda19a439132f940db8694173abffc159ea34f07d18fc42620",
    "https://deno.land/std@0.128.0/async/deferred.ts": "bc18e28108252c9f67dfca2bbc4587c3cbf3aeb6e155f8c864ca8ecff992b98a",
    "https://deno.land/std@0.128.0/async/delay.ts": "cbbdf1c87d1aed8edc7bae13592fb3e27e3106e0748f089c263390d4f49e5f6c",
    "https://deno.land/std@0.128.0/async/mod.ts": "a28709190a1966cb50e5815ef269bb588ee192373cde73b1096641820dc52a36",
    "https://deno.land/std@0.128.0/async/mux_async_iterator.ts": "f4d1d259b0c694d381770ddaaa4b799a94843eba80c17f4a2ec2949168e52d1e",
    "https://deno.land/std@0.128.0/async/pool.ts": "97b0dd27c69544e374df857a40902e74e39532f226005543eabacb551e277082",
    "https://deno.land/std@0.128.0/async/tee.ts": "1341feb1f5b1a96f8628d0f8fc07d8c43d3813423f18a63bf1b4785568d21b1f",
    "https://deno.land/std@0.128.0/flags/mod.ts": "430cf2d1c26e00286373b2647ebdca637f7558505e88e9c108a4742cd184c916",
    "https://deno.land/std@0.128.0/fmt/colors.ts": "4575bb20edc666d3ae75fa9fac75f20e4cd423b280008094b05e423cc85047bb",
    "https://deno.land/std@0.128.0/fs/walk.ts": "117403ccd21fd322febe56ba06053b1ad5064c802170f19b1ea43214088fe95f",
    "https://deno.land/std@0.128.0/http/server.ts": "10c3a7814666cdbabd6f9c18acdcc4593e222275a628280a4868881445fbb5bc",
    "https://deno.land/std@0.128.0/path/_constants.ts": "df1db3ffa6dd6d1252cc9617e5d72165cd2483df90e93833e13580687b6083c3",
    "https://deno.land/std@0.128.0/path/_interface.ts": "ee3b431a336b80cf445441109d089b70d87d5e248f4f90ff906820889ecf8d09",
    "https://deno.land/std@0.128.0/path/_util.ts": "c1e9686d0164e29f7d880b2158971d805b6e0efc3110d0b3e24e4b8af2190d2b",
    "https://deno.land/std@0.128.0/path/common.ts": "bee563630abd2d97f99d83c96c2fa0cca7cee103e8cb4e7699ec4d5db7bd2633",
    "https://deno.land/std@0.128.0/path/glob.ts": "cb5255638de1048973c3e69e420c77dc04f75755524cb3b2e160fe9277d939ee",
    "https://deno.land/std@0.128.0/path/mod.ts": "4275129bb766f0e475ecc5246aa35689eeade419d72a48355203f31802640be7",
    "https://deno.land/std@0.128.0/path/posix.ts": "663e4a6fe30a145f56aa41a22d95114c4c5582d8b57d2d7c9ed27ad2c47636bb",
    "https://deno.land/std@0.128.0/path/separator.ts": "fe1816cb765a8068afb3e8f13ad272351c85cbc739af56dacfc7d93d710fe0f9",
    "https://deno.land/std@0.128.0/path/win32.ts": "e7bdf63e8d9982b4d8a01ef5689425c93310ece950e517476e22af10f41a136e",
    "https://deno.land/std@0.139.0/_util/assert.ts": "e94f2eb37cebd7f199952e242c77654e43333c1ac4c5c700e929ea3aa5489f74",
    "https://deno.land/std@0.139.0/_util/os.ts": "49b92edea1e82ba295ec946de8ffd956ed123e2948d9bd1d3e901b04e4307617",
    "https://deno.land/std@0.139.0/path/_constants.ts": "df1db3ffa6dd6d1252cc9617e5d72165cd2483df90e93833e13580687b6083c3",
    "https://deno.land/std@0.139.0/path/_interface.ts": "ee3b431a336b80cf445441109d089b70d87d5e248f4f90ff906820889ecf8d09",
    "https://deno.land/std@0.139.0/path/_util.ts": "c1e9686d0164e29f7d880b2158971d805b6e0efc3110d0b3e24e4b8af2190d2b",
    "https://deno.land/std@0.139.0/path/common.ts": "bee563630abd2d97f99d83c96c2fa0cca7cee103e8cb4e7699ec4d5db7bd2633",
    "https://deno.land/std@0.139.0/path/glob.ts": "cb5255638de1048973c3e69e420c77dc04f75755524cb3b2e160fe9277d939ee",
    "https://deno.land/std@0.139.0/path/mod.ts": "d3e68d0abb393fb0bf94a6d07c46ec31dc755b544b13144dee931d8d5f06a52d",
    "https://deno.land/std@0.139.0/path/posix.ts": "293cdaec3ecccec0a9cc2b534302dfe308adb6f10861fa183275d6695faace44",
    "https://deno.land/std@0.139.0/path/separator.ts": "fe1816cb765a8068afb3e8f13ad272351c85cbc739af56dacfc7d93d710fe0f9",
    "https://deno.land/std@0.139.0/path/win32.ts": "31811536855e19ba37a999cd8d1b62078235548d67902ece4aa6b814596dd757",
    "https://deno.land/std@0.177.0/_util/asserts.ts": "178dfc49a464aee693a7e285567b3d0b555dc805ff490505a8aae34f9cfb1462",
    "https://deno.land/std@0.177.0/_util/os.ts": "d932f56d41e4f6a6093d56044e29ce637f8dcc43c5a90af43504a889cf1775e3",
    "https://deno.land/std@0.177.0/async/abortable.ts": "73acfb3ed7261ce0d930dbe89e43db8d34e017b063cf0eaa7d215477bf53442e",
    "https://deno.land/std@0.177.0/async/deadline.ts": "c5facb0b404eede83e38bd2717ea8ab34faa2ffb20ef87fd261fcba32ba307aa",
    "https://deno.land/std@0.177.0/async/debounce.ts": "adab11d04ca38d699444ac8a9d9856b4155e8dda2afd07ce78276c01ea5a4332",
    "https://deno.land/std@0.177.0/async/deferred.ts": "42790112f36a75a57db4a96d33974a936deb7b04d25c6084a9fa8a49f135def8",
    "https://deno.land/std@0.177.0/async/delay.ts": "73aa04cec034c84fc748c7be49bb15cac3dd43a57174bfdb7a4aec22c248f0dd",
    "https://deno.land/std@0.177.0/async/mod.ts": "f04344fa21738e5ad6bea37a6bfffd57c617c2d372bb9f9dcfd118a1b622e576",
    "https://deno.land/std@0.177.0/async/mux_async_iterator.ts": "70c7f2ee4e9466161350473ad61cac0b9f115cff4c552eaa7ef9d50c4cbb4cc9",
    "https://deno.land/std@0.177.0/async/pool.ts": "fd082bd4aaf26445909889435a5c74334c017847842ec035739b4ae637ae8260",
    "https://deno.land/std@0.177.0/async/retry.ts": "5efa3ba450ac0c07a40a82e2df296287b5013755d232049efd7ea2244f15b20f",
    "https://deno.land/std@0.177.0/async/tee.ts": "47e42d35f622650b02234d43803d0383a89eb4387e1b83b5a40106d18ae36757",
    "https://deno.land/std@0.177.0/bytes/index_of_needle.ts": "65c939607df609374c4415598fa4dad04a2f14c4d98cd15775216f0aaf597f24",
    "https://deno.land/std@0.177.0/crypto/timing_safe_equal.ts": "8d69ab611c67fe51b6127d97fcfb4d8e7d0e1b6b4f3e0cc4ab86744c3691f965",
    "https://deno.land/std@0.177.0/encoding/base64.ts": "7de04c2f8aeeb41453b09b186480be90f2ff357613b988e99fabb91d2eeceba1",
    "https://deno.land/std@0.177.0/encoding/base64url.ts": "3f1178f6446834457b16bfde8b559c1cd3481727fe384d3385e4a9995dc2d851",
    "https://deno.land/std@0.177.0/flags/mod.ts": "d1cdefa18472ef69858a17df5cf7c98445ed27ac10e1460183081303b0ebc270",
    "https://deno.land/std@0.177.0/fmt/printf.ts": "e5b426cd6ad13df5d408e9c375c025d59de30e380c5534715bd892df874ab057",
    "https://deno.land/std@0.177.0/fs/exists.ts": "b8c8a457b71e9d7f29b9d2f87aad8dba2739cbe637e8926d6ba6e92567875f8e",
    "https://deno.land/std@0.177.0/node/_core.ts": "9a58c0ef98ee77e9b8fcc405511d1b37a003a705eb6a9b6e95f75434d8009adc",
    "https://deno.land/std@0.177.0/node/_events.d.ts": "1347437fd6b084d7c9a4e16b9fe7435f00b030970086482edeeb3b179d0775af",
    "https://deno.land/std@0.177.0/node/_events.mjs": "d4ba4e629abe3db9f1b14659fd5c282b7da8b2b95eaf13238eee4ebb142a2448",
    "https://deno.land/std@0.177.0/node/_fs/_fs_access.ts": "48a722db00fd34ec567c1d03c47f6b94d07658c658eeb7d9a10c6b823ebdefbd",
    "https://deno.land/std@0.177.0/node/_fs/_fs_appendFile.ts": "2e5230c88804f4b5bee29efa1ba723d71a53f9b0f85d5e6372509ba12e9c00c3",
    "https://deno.land/std@0.177.0/node/_fs/_fs_chmod.ts": "fcba6aa4fe2d9178746b5b4ae7f42a72a971007c855988f0e26ff8f694c3c212",
    "https://deno.land/std@0.177.0/node/_fs/_fs_chown.ts": "6a24414772d689f8e83b6f53f134420dc25d752bd5be56cade39e92f182c9c9a",
    "https://deno.land/std@0.177.0/node/_fs/_fs_close.ts": "8fc5819affb69fb5708f3babce49cd673133e939cebef0665099da78a0d0be7a",
    "https://deno.land/std@0.177.0/node/_fs/_fs_common.ts": "21caae4ab7c07c66244446c63c50291cc553d1224d3f6a0cd7bea688c6b2a815",
    "https://deno.land/std@0.177.0/node/_fs/_fs_constants.ts": "22ce5f8b07fa8fd7ba37718ad85f6655954b7585d21e6d0b9d73676c16ef1b15",
    "https://deno.land/std@0.177.0/node/_fs/_fs_copy.ts": "9074e3a1609b9ee10ca1a2d77e94836c57190e791a0878f7e03b2f0e4e0d5dfb",
    "https://deno.land/std@0.177.0/node/_fs/_fs_dir.ts": "26c16ef8003772c9cd2439b448530443ea09a1508a6d808a5913576c3d11882b",
    "https://deno.land/std@0.177.0/node/_fs/_fs_dirent.ts": "e8c30d8059336cb6b122738c487cb46c1bcfc4c99fd6d64186f04b4e1805be34",
    "https://deno.land/std@0.177.0/node/_fs/_fs_exists.ts": "012e8bf6a6a9b53f9e6451db6ddabf1b883a25e6aebb8aadf8958b57efffefd0",
    "https://deno.land/std@0.177.0/node/_fs/_fs_fdatasync.ts": "cfe9409aed4bfe707fb497fe5be449a678b4ae454c9068f3720138ff06f7a71f",
    "https://deno.land/std@0.177.0/node/_fs/_fs_fstat.ts": "b15968d0f0da997960f0814e52beee35aff5e04519f007c3ac1c431829a03ac4",
    "https://deno.land/std@0.177.0/node/_fs/_fs_fsync.ts": "902c1d4ef9b022c61a12c5f85db3ec4e14778019697cf453822313f9eab9516b",
    "https://deno.land/std@0.177.0/node/_fs/_fs_ftruncate.ts": "36d76a3d6b325345ba6fbef745ec1a39d6efb4472214ede8421449296fd25711",
    "https://deno.land/std@0.177.0/node/_fs/_fs_futimes.ts": "75b9aaa28588d94b9d8be3c5ca4b74595cde342d644afc9c5dda1e1dcc1e604f",
    "https://deno.land/std@0.177.0/node/_fs/_fs_link.ts": "5cfa4f02cbedf913d90618c1bf130796bc3cdd7cd0e59cf5defb05619ae10b8a",
    "https://deno.land/std@0.177.0/node/_fs/_fs_lstat.ts": "da6a26b4745dbb92eda21f07992d16497a6848fe2ded6a425ade4a2418262b57",
    "https://deno.land/std@0.177.0/node/_fs/_fs_mkdir.ts": "94e4341f9bbc3bae9f1474e86621d48101a4a863ce51fd6b1170ef244533c494",
    "https://deno.land/std@0.177.0/node/_fs/_fs_mkdtemp.ts": "33658ccb449f90d69305868b718f8fe8d72a2a8e2be7136ebd69ba313fd0b4a9",
    "https://deno.land/std@0.177.0/node/_fs/_fs_open.ts": "9f728953c07748a54a73bb9ff0013530e33556a688a359a554d5db5b4ed30d06",
    "https://deno.land/std@0.177.0/node/_fs/_fs_opendir.ts": "fe65a45b92b6b970da8f3acec15920cb5669c7a19fd07afa8ebcd248ec69740b",
    "https://deno.land/std@0.177.0/node/_fs/_fs_read.ts": "a0223081bc460a8af5d1bb01e59a44182629bf7bff7c583031912abf20ac6b04",
    "https://deno.land/std@0.177.0/node/_fs/_fs_readFile.ts": "2c155de6b568a4e5d3d089e58723355fc519de2d2c9422f7dd211cda2c8f36dc",
    "https://deno.land/std@0.177.0/node/_fs/_fs_readdir.ts": "85f742c2ad38bebb8ba5dee72b37a966fc4b42b10382a76a60d7a2dda0a6278c",
    "https://deno.land/std@0.177.0/node/_fs/_fs_readlink.ts": "d5d9746c1d3c76cce0be5045dbb3bfde100406a98f1d4db8243776a2fc5619af",
    "https://deno.land/std@0.177.0/node/_fs/_fs_realpath.ts": "671afd8bc1b33126d56155de3827d6ec55361631eec9f4944d7f91835d897329",
    "https://deno.land/std@0.177.0/node/_fs/_fs_rename.ts": "2fd973c38ab5c66d806a954914a2d2b6beec55308b6da0616837ba81946bba3b",
    "https://deno.land/std@0.177.0/node/_fs/_fs_rm.ts": "27c01d261a3631729f9406d9dc7be263a7adf240094ba9133da511169785023b",
    "https://deno.land/std@0.177.0/node/_fs/_fs_rmdir.ts": "d9a35aa265670aba4a6da10cb151139bd69762ccfb88e27f266c1260c244d3ec",
    "https://deno.land/std@0.177.0/node/_fs/_fs_stat.ts": "bf1ca585b624f5b183ff547f02ad40b51d47247a7fd5df84f8c27376e7a7c2d5",
    "https://deno.land/std@0.177.0/node/_fs/_fs_symlink.ts": "89752d75dd823be7ea2c0f2ca024b14c954f7d1507360abf883245f4b700464b",
    "https://deno.land/std@0.177.0/node/_fs/_fs_truncate.ts": "4333d191574be1d6ab20fdee346c0dd4868e5c9c5e8ee716e3b09bf562aee698",
    "https://deno.land/std@0.177.0/node/_fs/_fs_unlink.ts": "6a760088a99c7465d9da3cbd67a456a6207c9764c65926ce1e0d3172aab780a2",
    "https://deno.land/std@0.177.0/node/_fs/_fs_utimes.ts": "c433ef58bfd20d84d0f940c17575b496dcd4706e8dc86aea777c73f667164444",
    "https://deno.land/std@0.177.0/node/_fs/_fs_watch.ts": "2ed05b68759e1771515efa4c6d19db9c956cfbc79a715d61e4ce8f38ac12c966",
    "https://deno.land/std@0.177.0/node/_fs/_fs_write.d.ts": "a405627931c1a5a3160d3f1cf028761d51b50cd632d6602cb0f98c6b39c96b23",
    "https://deno.land/std@0.177.0/node/_fs/_fs_write.mjs": "595abc0d7be9ef3709b62bf09972c2836b25c945f4c531a6688b910e428e1b42",
    "https://deno.land/std@0.177.0/node/_fs/_fs_writeFile.ts": "c65f61a167e5f80f29a88147012ade2a81233c882e51c6a07f45a153f2316a58",
    "https://deno.land/std@0.177.0/node/_fs/_fs_writev.d.ts": "2cd3596fe24579debe43b587d5bb5845f6f0ce3913357376eb279511ce832d15",
    "https://deno.land/std@0.177.0/node/_fs/_fs_writev.mjs": "54adae0d5e5148d2ee0690d04f7272dbccd1242ffbdf838778ac514c10197844",
    "https://deno.land/std@0.177.0/node/_global.d.ts": "2d88342f38b4083b858998e27c706725fb03a74aa14ef8d985dc18438b5188e4",
    "https://deno.land/std@0.177.0/node/_next_tick.ts": "9a3cf107d59b019a355d3cf32275b4c6157282e4b68ea85b46a799cb1d379305",
    "https://deno.land/std@0.177.0/node/_process/exiting.ts": "6e336180aaabd1192bf99ffeb0d14b689116a3dec1dfb34a2afbacd6766e98ab",
    "https://deno.land/std@0.177.0/node/_process/process.ts": "c96bb1f6253824c372f4866ee006dcefda02b7050d46759736e403f862d91051",
    "https://deno.land/std@0.177.0/node/_process/stdio.mjs": "cf17727eac8da3a665851df700b5aca6a12bacc3ebbf33e63e4b919f80ba44a6",
    "https://deno.land/std@0.177.0/node/_process/streams.mjs": "408777fba99580567f3ee82ee584ca79012cc550f8dacb8c5ec633b58cd0c1ca",
    "https://deno.land/std@0.177.0/node/_stream.d.ts": "112e1a0677cd6db932c3ce0e6e5bbdc7a2ac1874572f449044ecc82afcf5ee2e",
    "https://deno.land/std@0.177.0/node/_stream.mjs": "d6e2c86c1158ac65b4c2ca4fa019d7e84374ff12e21e2175345fe68c0823efe3",
    "https://deno.land/std@0.177.0/node/_util/_util_callbackify.ts": "a7ffe799ac5f54f3a780ee1c9b190b94dc7dc8afbb430c0e1c73756638d25d64",
    "https://deno.land/std@0.177.0/node/_utils.ts": "7fd55872a0cf9275e3c080a60e2fa6d45b8de9e956ebcde9053e72a344185884",
    "https://deno.land/std@0.177.0/node/buffer.ts": "85617be2063eccaf177dbb84c7580d1e32023724ed14bd9df4e453b152a26167",
    "https://deno.land/std@0.177.0/node/events.ts": "d2de352d509de11a375e2cb397d6b98f5fed4e562fc1d41be33214903a38e6b0",
    "https://deno.land/std@0.177.0/node/fs.ts": "de13cb511655b594157b327cd11bb833cc96051409f34148f043e8a8a92d66a1",
    "https://deno.land/std@0.177.0/node/fs/promises.ts": "5db686797cec9a6bc7b1460beb7e049ada81a43bbc0ff8231a26442261ec3fd0",
    "https://deno.land/std@0.177.0/node/internal/assert.mjs": "1d50c20eeaf16a6d9c1d90347e497669cebc915f5ee238417a73847eb4c2f0de",
    "https://deno.land/std@0.177.0/node/internal/buffer.d.ts": "bdfa991cd88cb02fd08bf8235d2618550e3e511c970b2a8f2e1a6885a2793cac",
    "https://deno.land/std@0.177.0/node/internal/buffer.mjs": "e92303a3cc6d9aaabcd270a937ad9319825d9ba08cb332650944df4562029b27",
    "https://deno.land/std@0.177.0/node/internal/crypto/_keys.ts": "8f3c3b5a141aa0331a53c205e9338655f1b3b307a08085fd6ff6dda6f7c4190b",
    "https://deno.land/std@0.177.0/node/internal/crypto/constants.ts": "544d605703053218499b08214f2e25cf4310651d535b7ab995891c4b7a217693",
    "https://deno.land/std@0.177.0/node/internal/error_codes.ts": "8495e33f448a484518d76fa3d41d34fc20fe03c14b30130ad8e936b0035d4b8b",
    "https://deno.land/std@0.177.0/node/internal/errors.ts": "1c699b8a3cb93174f697a348c004b1c6d576b66688eac8a48ebb78e65c720aae",
    "https://deno.land/std@0.177.0/node/internal/fixed_queue.ts": "62bb119afa5b5ae8fc0c7048b50502347bec82e2588017d0b250c4671d6eff8f",
    "https://deno.land/std@0.177.0/node/internal/fs/streams.d.ts": "23571ff9af59d86307831b80823e440953f3e57b134ca7ec6e55b60b845d38de",
    "https://deno.land/std@0.177.0/node/internal/fs/streams.mjs": "5de00d105009fb8cec6b6d0a6e6e6288ae40879cc64d9bf7a84852220be9fa34",
    "https://deno.land/std@0.177.0/node/internal/fs/utils.mjs": "64b6dc17752fa861b46a0876647336ba24efe3b5130bd1826f1f2d59b9b374ed",
    "https://deno.land/std@0.177.0/node/internal/hide_stack_frames.ts": "9dd1bad0a6e62a1042ce3a51eb1b1ecee2f246907bff44835f86e8f021de679a",
    "https://deno.land/std@0.177.0/node/internal/idna.ts": "034043ac9273eb5ba83112c926dba1777775f1eca40e021c8703cd1720bedd9f",
    "https://deno.land/std@0.177.0/node/internal/net.ts": "5538d31b595ac63d4b3e90393168bc65ace2f332c3317cffa2fd780070b2d86c",
    "https://deno.land/std@0.177.0/node/internal/normalize_encoding.mjs": "fd1d9df61c44d7196432f6e8244621468715131d18cc79cd299fc78ac549f707",
    "https://deno.land/std@0.177.0/node/internal/options.ts": "888f267c3fe8f18dc7b2f2fbdbe7e4a0fd3302ff3e99f5d6645601e924f3e3fb",
    "https://deno.land/std@0.177.0/node/internal/primordials.mjs": "a72d86b5aa55d3d50b8e916b6a59b7cc0dc5a31da8937114b4a113ad5aa08c74",
    "https://deno.land/std@0.177.0/node/internal/process/per_thread.mjs": "10142bbb13978c2f8f79778ad90f3a67a8ea6d8d2970f3dfc6bf2c6fff0162a2",
    "https://deno.land/std@0.177.0/node/internal/querystring.ts": "479f30c136555dc3b6f09af7d0de8a70c753035c1d5b57acc696722028788323",
    "https://deno.land/std@0.177.0/node/internal/readline/callbacks.mjs": "bdb129b140c3b21b5e08cdc3d8e43517ad818ac03f75197338d665cca1cbaed3",
    "https://deno.land/std@0.177.0/node/internal/readline/utils.mjs": "c3dbf3a97c01ed14052cca3848f09e2fc24818c1822ceed57c33b9f0840f3b87",
    "https://deno.land/std@0.177.0/node/internal/streams/destroy.mjs": "b665fc71178919a34ddeac8389d162a81b4bc693ff7dc2557fa41b3a91011967",
    "https://deno.land/std@0.177.0/node/internal/streams/end-of-stream.mjs": "a4fb1c2e32d58dff440d4e716e2c4daaa403b3095304a028bb428575cfeed716",
    "https://deno.land/std@0.177.0/node/internal/streams/utils.mjs": "f2fe2e6bdc506da24c758970890cc2a21642045b129dee618bd3827c60dd9e33",
    "https://deno.land/std@0.177.0/node/internal/url.ts": "7e62e16520de552c130c354d9c725a2f5e2af453ff929a2009fa66ae445bbe14",
    "https://deno.land/std@0.177.0/node/internal/util.mjs": "f7fe2e1ca5e66f550ad0856b9f5ee4d666f0c071fe212ea7fc7f37cfa81f97a5",
    "https://deno.land/std@0.177.0/node/internal/util/comparisons.ts": "9a7d95401b3d1c99ec5b12250cf6dec75efc75764b4a18be257dd8bfbe67496e",
    "https://deno.land/std@0.177.0/node/internal/util/debuglog.ts": "a2392980a65cc6916afc17fa6686242ee0e3b47bd98c792ff59358560b24185e",
    "https://deno.land/std@0.177.0/node/internal/util/inspect.mjs": "11d7c9cab514b8e485acc3978c74b837263ff9c08ae4537fa18ad56bae633259",
    "https://deno.land/std@0.177.0/node/internal/util/types.ts": "0e587b44ec5e017cf228589fc5ce9983b75beece6c39409c34170cfad49d6417",
    "https://deno.land/std@0.177.0/node/internal/validators.mjs": "e02f2b02dd072a5d623970292588d541204dc82207b4c58985d933a5f4b382e6",
    "https://deno.land/std@0.177.0/node/internal_binding/_libuv_winerror.ts": "30c9569603d4b97a1f1a034d88a3f74800d5ea1f12fcc3d225c9899d4e1a518b",
    "https://deno.land/std@0.177.0/node/internal_binding/_listen.ts": "c6038be47116f7755c01fd98340a0d1e8e66ef874710ab59ed3f5607d50d7a25",
    "https://deno.land/std@0.177.0/node/internal_binding/_node.ts": "cb2389b0eab121df99853eb6a5e3a684e4537e065fb8bf2cca0cbf219ce4e32e",
    "https://deno.land/std@0.177.0/node/internal_binding/_timingSafeEqual.ts": "7d9732464d3c669ff07713868ce5d25bc974a06112edbfb5f017fc3c70c0853e",
    "https://deno.land/std@0.177.0/node/internal_binding/_utils.ts": "7c58a2fbb031a204dee9583ba211cf9c67922112fe77e7f0b3226112469e9fe1",
    "https://deno.land/std@0.177.0/node/internal_binding/_winerror.ts": "3e8cfdfe22e89f13d2b28529bab35155e6b1730c0221ec5a6fc7077dc037be13",
    "https://deno.land/std@0.177.0/node/internal_binding/ares.ts": "bdd34c679265a6c115a8cfdde000656837a0a0dcdb0e4c258e622e136e9c31b8",
    "https://deno.land/std@0.177.0/node/internal_binding/async_wrap.ts": "0dc5ae64eea2c9e57ab17887ef1573922245167ffe38e3685c28d636f487f1b7",
    "https://deno.land/std@0.177.0/node/internal_binding/buffer.ts": "31729e0537921d6c730ad0afea44a7e8a0a1044d070ade8368226cb6f7390c8b",
    "https://deno.land/std@0.177.0/node/internal_binding/cares_wrap.ts": "9b7247772167f8ed56acd0244a232d9d50e8d7c9cfc379f77f3d54cecc2f32ab",
    "https://deno.land/std@0.177.0/node/internal_binding/config.ts": "37d293009d1718205bf28e878e54a9f1ca24c1c320cee2416c20dc054104c6ea",
    "https://deno.land/std@0.177.0/node/internal_binding/connection_wrap.ts": "7dd089ea46de38e4992d0f43a09b586e4cf04878fb06863c1cb8cb2ece7da521",
    "https://deno.land/std@0.177.0/node/internal_binding/constants.ts": "21ff9d1ee71d0a2086541083a7711842fc6ae25e264dbf45c73815aadce06f4c",
    "https://deno.land/std@0.177.0/node/internal_binding/contextify.ts": "37d293009d1718205bf28e878e54a9f1ca24c1c320cee2416c20dc054104c6ea",
    "https://deno.land/std@0.177.0/node/internal_binding/credentials.ts": "37d293009d1718205bf28e878e54a9f1ca24c1c320cee2416c20dc054104c6ea",
    "https://deno.land/std@0.177.0/node/internal_binding/crypto.ts": "29e8f94f283a2e7d4229d3551369c6a40c2af9737fad948cb9be56bef6c468cd",
    "https://deno.land/std@0.177.0/node/internal_binding/errors.ts": "37d293009d1718205bf28e878e54a9f1ca24c1c320cee2416c20dc054104c6ea",
    "https://deno.land/std@0.177.0/node/internal_binding/fs.ts": "37d293009d1718205bf28e878e54a9f1ca24c1c320cee2416c20dc054104c6ea",
    "https://deno.land/std@0.177.0/node/internal_binding/fs_dir.ts": "37d293009d1718205bf28e878e54a9f1ca24c1c320cee2416c20dc054104c6ea",
    "https://deno.land/std@0.177.0/node/internal_binding/fs_event_wrap.ts": "37d293009d1718205bf28e878e54a9f1ca24c1c320cee2416c20dc054104c6ea",
    "https://deno.land/std@0.177.0/node/internal_binding/handle_wrap.ts": "adf0b8063da2c54f26edd5e8ec50296a4d38e42716a70a229f14654b17a071d9",
    "https://deno.land/std@0.177.0/node/internal_binding/heap_utils.ts": "37d293009d1718205bf28e878e54a9f1ca24c1c320cee2416c20dc054104c6ea",
    "https://deno.land/std@0.177.0/node/internal_binding/http_parser.ts": "37d293009d1718205bf28e878e54a9f1ca24c1c320cee2416c20dc054104c6ea",
    "https://deno.land/std@0.177.0/node/internal_binding/icu.ts": "37d293009d1718205bf28e878e54a9f1ca24c1c320cee2416c20dc054104c6ea",
    "https://deno.land/std@0.177.0/node/internal_binding/inspector.ts": "37d293009d1718205bf28e878e54a9f1ca24c1c320cee2416c20dc054104c6ea",
    "https://deno.land/std@0.177.0/node/internal_binding/js_stream.ts": "37d293009d1718205bf28e878e54a9f1ca24c1c320cee2416c20dc054104c6ea",
    "https://deno.land/std@0.177.0/node/internal_binding/messaging.ts": "37d293009d1718205bf28e878e54a9f1ca24c1c320cee2416c20dc054104c6ea",
    "https://deno.land/std@0.177.0/node/internal_binding/mod.ts": "9fc65f7af1d35e2d3557539a558ea9ad7a9954eefafe614ad82d94bddfe25845",
    "https://deno.land/std@0.177.0/node/internal_binding/module_wrap.ts": "37d293009d1718205bf28e878e54a9f1ca24c1c320cee2416c20dc054104c6ea",
    "https://deno.land/std@0.177.0/node/internal_binding/native_module.ts": "37d293009d1718205bf28e878e54a9f1ca24c1c320cee2416c20dc054104c6ea",
    "https://deno.land/std@0.177.0/node/internal_binding/natives.ts": "37d293009d1718205bf28e878e54a9f1ca24c1c320cee2416c20dc054104c6ea",
    "https://deno.land/std@0.177.0/node/internal_binding/node_file.ts": "21edbbc95653e45514aff252b6cae7bf127a4338cbc5f090557d258aa205d8a5",
    "https://deno.land/std@0.177.0/node/internal_binding/node_options.ts": "0b5cb0bf4379a39278d7b7bb6bb2c2751baf428fe437abe5ed3e8441fae1f18b",
    "https://deno.land/std@0.177.0/node/internal_binding/options.ts": "37d293009d1718205bf28e878e54a9f1ca24c1c320cee2416c20dc054104c6ea",
    "https://deno.land/std@0.177.0/node/internal_binding/os.ts": "37d293009d1718205bf28e878e54a9f1ca24c1c320cee2416c20dc054104c6ea",
    "https://deno.land/std@0.177.0/node/internal_binding/performance.ts": "37d293009d1718205bf28e878e54a9f1ca24c1c320cee2416c20dc054104c6ea",
    "https://deno.land/std@0.177.0/node/internal_binding/pipe_wrap.ts": "30e3a63954313f9d5bbc2ac02c7f9be4b1204c493e47f6e1b9c7366994e6ea6d",
    "https://deno.land/std@0.177.0/node/internal_binding/process_methods.ts": "37d293009d1718205bf28e878e54a9f1ca24c1c320cee2416c20dc054104c6ea",
    "https://deno.land/std@0.177.0/node/internal_binding/report.ts": "37d293009d1718205bf28e878e54a9f1ca24c1c320cee2416c20dc054104c6ea",
    "https://deno.land/std@0.177.0/node/internal_binding/serdes.ts": "37d293009d1718205bf28e878e54a9f1ca24c1c320cee2416c20dc054104c6ea",
    "https://deno.land/std@0.177.0/node/internal_binding/signal_wrap.ts": "37d293009d1718205bf28e878e54a9f1ca24c1c320cee2416c20dc054104c6ea",
    "https://deno.land/std@0.177.0/node/internal_binding/spawn_sync.ts": "37d293009d1718205bf28e878e54a9f1ca24c1c320cee2416c20dc054104c6ea",
    "https://deno.land/std@0.177.0/node/internal_binding/stream_wrap.ts": "452bff74d1db280a0cd78c75a95bb6d163e849e06e9638c4af405d40296bd050",
    "https://deno.land/std@0.177.0/node/internal_binding/string_decoder.ts": "54c3c1cbd5a9254881be58bf22637965dc69535483014dab60487e299cb95445",
    "https://deno.land/std@0.177.0/node/internal_binding/symbols.ts": "4dee2f3a400d711fd57fa3430b8de1fdb011e08e260b81fef5b81cc06ed77129",
    "https://deno.land/std@0.177.0/node/internal_binding/task_queue.ts": "37d293009d1718205bf28e878e54a9f1ca24c1c320cee2416c20dc054104c6ea",
    "https://deno.land/std@0.177.0/node/internal_binding/tcp_wrap.ts": "d298d855e862fc9a5c94e13ad982fde99f6d8a56620a4772681b7226f5a15c91",
    "https://deno.land/std@0.177.0/node/internal_binding/timers.ts": "37d293009d1718205bf28e878e54a9f1ca24c1c320cee2416c20dc054104c6ea",
    "https://deno.land/std@0.177.0/node/internal_binding/tls_wrap.ts": "37d293009d1718205bf28e878e54a9f1ca24c1c320cee2416c20dc054104c6ea",
    "https://deno.land/std@0.177.0/node/internal_binding/trace_events.ts": "37d293009d1718205bf28e878e54a9f1ca24c1c320cee2416c20dc054104c6ea",
    "https://deno.land/std@0.177.0/node/internal_binding/tty_wrap.ts": "37d293009d1718205bf28e878e54a9f1ca24c1c320cee2416c20dc054104c6ea",
    "https://deno.land/std@0.177.0/node/internal_binding/types.ts": "2187595a58d2cf0134f4db6cc2a12bf777f452f52b15b6c3aed73fa072aa5fc3",
    "https://deno.land/std@0.177.0/node/internal_binding/udp_wrap.ts": "b77d7024aef1282b9fe6e1f6c8064ab8a7b9ecbae0bc08a36f2b30dcbb1d2752",
    "https://deno.land/std@0.177.0/node/internal_binding/url.ts": "37d293009d1718205bf28e878e54a9f1ca24c1c320cee2416c20dc054104c6ea",
    "https://deno.land/std@0.177.0/node/internal_binding/util.ts": "808ff3b92740284184ab824adfc420e75398c88c8bccf5111f0c24ac18c48f10",
    "https://deno.land/std@0.177.0/node/internal_binding/uv.ts": "eb0048e30af4db407fb3f95563e30d70efd6187051c033713b0a5b768593a3a3",
    "https://deno.land/std@0.177.0/node/internal_binding/v8.ts": "37d293009d1718205bf28e878e54a9f1ca24c1c320cee2416c20dc054104c6ea",
    "https://deno.land/std@0.177.0/node/internal_binding/worker.ts": "37d293009d1718205bf28e878e54a9f1ca24c1c320cee2416c20dc054104c6ea",
    "https://deno.land/std@0.177.0/node/internal_binding/zlib.ts": "37d293009d1718205bf28e878e54a9f1ca24c1c320cee2416c20dc054104c6ea",
    "https://deno.land/std@0.177.0/node/path.ts": "1c6aa9101554136525b368e8280f0f78136d4071dd71ad3a70477f27d9e4dd91",
    "https://deno.land/std@0.177.0/node/path/_constants.ts": "2e2f68b8679cbf0ef118de8e5719e90cfb091de17d4a7c026c911b6772e6a247",
    "https://deno.land/std@0.177.0/node/path/_interface.ts": "c67d76726d0f86ea62ec68d17f11d50680c4659a60a0ea6dcd2488109435b4ce",
    "https://deno.land/std@0.177.0/node/path/_util.ts": "44deaf5bbd947eafb3439ea7208d0625e231c5f55c421fe83f5ef91218dcd28c",
    "https://deno.land/std@0.177.0/node/path/common.ts": "ee7505ab01fd22de3963b64e46cff31f40de34f9f8de1fff6a1bd2fe79380000",
    "https://deno.land/std@0.177.0/node/path/glob.ts": "b5fc2aed74aa7511cfd07d52dcd595cc18cd7ca431326a664e735d8905d85ce8",
    "https://deno.land/std@0.177.0/node/path/mod.ts": "cad27b16a7a3a8c2bb3ad1ba68a63d11e4fb616d63fd55c95e399a0a3a927be2",
    "https://deno.land/std@0.177.0/node/path/posix.ts": "a066e77f554358a82b4a693726faa41932f02f5bcd520f07afb6b2372e62484d",
    "https://deno.land/std@0.177.0/node/path/separator.ts": "5cfefe182e88bc8138022475703a9b39b13250c79bf234cdc6e3be9afd639662",
    "https://deno.land/std@0.177.0/node/path/win32.ts": "3a1b21948e0063cf1ac1c6834ef3ed633b5405f107be01aadfaedd2088b57eef",
    "https://deno.land/std@0.177.0/node/process.ts": "6608012d6d51a17a7346f36079c574b9b9f81f1b5c35436489ad089f39757466",
    "https://deno.land/std@0.177.0/node/querystring.ts": "2dce8068cb80ce2bf503aecd888be1b89827288352b6581e0fc401886d56cd86",
    "https://deno.land/std@0.177.0/node/stream.ts": "09e348302af40dcc7dc58aa5e40fdff868d11d8d6b0cfb85cbb9c75b9fe450c7",
    "https://deno.land/std@0.177.0/node/string_decoder.ts": "1a17e3572037c512cc5fc4b29076613e90f225474362d18da908cb7e5ccb7e88",
    "https://deno.land/std@0.177.0/node/url.ts": "f8c6656f32728a447705a273e3d8a5118631c0b6560d13fc613901ec9a3f69d0",
    "https://deno.land/std@0.177.0/node/util.ts": "4c12edeafde7e50dfe2d4022e383decb422c77858b938b093698cb7250c9e125",
    "https://deno.land/std@0.177.0/node/util/types.ts": "461b2e1118fd32456967e14b99f01c892dee1e94d144d6b96e9d94eb086a9574",
    "https://deno.land/std@0.177.0/path/_constants.ts": "e49961f6f4f48039c0dfed3c3f93e963ca3d92791c9d478ac5b43183413136e0",
    "https://deno.land/std@0.177.0/path/_interface.ts": "6471159dfbbc357e03882c2266d21ef9afdb1e4aa771b0545e90db58a0ba314b",
    "https://deno.land/std@0.177.0/path/_util.ts": "d7abb1e0dea065f427b89156e28cdeb32b045870acdf865833ba808a73b576d0",
    "https://deno.land/std@0.177.0/path/common.ts": "ee7505ab01fd22de3963b64e46cff31f40de34f9f8de1fff6a1bd2fe79380000",
    "https://deno.land/std@0.177.0/path/glob.ts": "d479e0a695621c94d3fd7fe7abd4f9499caf32a8de13f25073451c6ef420a4e1",
    "https://deno.land/std@0.177.0/path/mod.ts": "4b83694ac500d7d31b0cdafc927080a53dc0c3027eb2895790fb155082b0d232",
    "https://deno.land/std@0.177.0/path/posix.ts": "8b7c67ac338714b30c816079303d0285dd24af6b284f7ad63da5b27372a2c94d",
    "https://deno.land/std@0.177.0/path/separator.ts": "0fb679739d0d1d7bf45b68dacfb4ec7563597a902edbaf3c59b50d5bcadd93b1",
    "https://deno.land/std@0.177.0/path/win32.ts": "d186344e5583bcbf8b18af416d13d82b35a317116e6460a5a3953508c3de5bba",
    "https://deno.land/std@0.177.0/streams/write_all.ts": "3b2e1ce44913f966348ce353d02fa5369e94115181037cd8b602510853ec3033",
    "https://deno.land/std@0.177.0/types.d.ts": "220ed56662a0bd393ba5d124aa6ae2ad36a00d2fcbc0e8666a65f4606aaa9784",
    "https://deno.land/std@0.192.0/_util/asserts.ts": "178dfc49a464aee693a7e285567b3d0b555dc805ff490505a8aae34f9cfb1462",
    "https://deno.land/std@0.192.0/_util/os.ts": "d932f56d41e4f6a6093d56044e29ce637f8dcc43c5a90af43504a889cf1775e3",
    "https://deno.land/std@0.192.0/fs/_util.ts": "fbf57dcdc9f7bc8128d60301eece608246971a7836a3bb1e78da75314f08b978",
    "https://deno.land/std@0.192.0/fs/copy.ts": "14214efd94fc3aa6db1e4af2b4b9578e50f7362b7f3725d5a14ad259a5df26c8",
    "https://deno.land/std@0.192.0/fs/empty_dir.ts": "c3d2da4c7352fab1cf144a1ecfef58090769e8af633678e0f3fabaef98594688",
    "https://deno.land/std@0.192.0/fs/ensure_dir.ts": "dc64c4c75c64721d4e3fb681f1382f803ff3d2868f08563ff923fdd20d071c40",
    "https://deno.land/std@0.192.0/fs/ensure_file.ts": "c38602670bfaf259d86ca824a94e6cb9e5eb73757fefa4ebf43a90dd017d53d9",
    "https://deno.land/std@0.192.0/fs/ensure_link.ts": "c0f5b2f0ec094ed52b9128eccb1ee23362a617457aa0f699b145d4883f5b2fb4",
    "https://deno.land/std@0.192.0/fs/ensure_symlink.ts": "5006ab2f458159c56d689b53b1e48d57e05eeb1eaf64e677f7f76a30bc4fdba1",
    "https://deno.land/std@0.192.0/fs/eol.ts": "f1f2eb348a750c34500741987b21d65607f352cf7205f48f4319d417fff42842",
    "https://deno.land/std@0.192.0/fs/exists.ts": "29c26bca8584a22876be7cb8844f1b6c8fc35e9af514576b78f5c6884d7ed02d",
    "https://deno.land/std@0.192.0/fs/expand_glob.ts": "e4f56259a0a70fe23f05215b00de3ac5e6ba46646ab2a06ebbe9b010f81c972a",
    "https://deno.land/std@0.192.0/fs/mod.ts": "bc3d0acd488cc7b42627044caf47d72019846d459279544e1934418955ba4898",
    "https://deno.land/std@0.192.0/fs/move.ts": "b4f8f46730b40c32ea3c0bc8eb0fd0e8139249a698883c7b3756424cf19785c9",
    "https://deno.land/std@0.192.0/fs/walk.ts": "920be35a7376db6c0b5b1caf1486fb962925e38c9825f90367f8f26b5e5d0897",
    "https://deno.land/std@0.192.0/path/_constants.ts": "e49961f6f4f48039c0dfed3c3f93e963ca3d92791c9d478ac5b43183413136e0",
    "https://deno.land/std@0.192.0/path/_interface.ts": "6471159dfbbc357e03882c2266d21ef9afdb1e4aa771b0545e90db58a0ba314b",
    "https://deno.land/std@0.192.0/path/_util.ts": "d7abb1e0dea065f427b89156e28cdeb32b045870acdf865833ba808a73b576d0",
    "https://deno.land/std@0.192.0/path/common.ts": "ee7505ab01fd22de3963b64e46cff31f40de34f9f8de1fff6a1bd2fe79380000",
    "https://deno.land/std@0.192.0/path/glob.ts": "d479e0a695621c94d3fd7fe7abd4f9499caf32a8de13f25073451c6ef420a4e1",
    "https://deno.land/std@0.192.0/path/mod.ts": "f065032a7189404fdac3ad1a1551a9ac84751d2f25c431e101787846c86c79ef",
    "https://deno.land/std@0.192.0/path/posix.ts": "8b7c67ac338714b30c816079303d0285dd24af6b284f7ad63da5b27372a2c94d",
    "https://deno.land/std@0.192.0/path/separator.ts": "0fb679739d0d1d7bf45b68dacfb4ec7563597a902edbaf3c59b50d5bcadd93b1",
    "https://deno.land/std@0.192.0/path/win32.ts": "d186344e5583bcbf8b18af416d13d82b35a317116e6460a5a3953508c3de5bba",
    "https://deno.land/x/denoflate@1.2.1/mod.ts": "f5628e44b80b3d80ed525afa2ba0f12408e3849db817d47a883b801f9ce69dd6",
    "https://deno.land/x/denoflate@1.2.1/pkg/denoflate.js": "b9f9ad9457d3f12f28b1fb35c555f57443427f74decb403113d67364e4f2caf4",
    "https://deno.land/x/denoflate@1.2.1/pkg/denoflate_bg.wasm.js": "d581956245407a2115a3d7e8d85a9641c032940a8e810acbd59ca86afd34d44d",
    "https://deno.land/x/dotenv@v3.2.2/load.ts": "cbd76a0aee01aad8d09222afaa1dd04b84d9d3e44637503b01bf77a91df9e041",
    "https://deno.land/x/dotenv@v3.2.2/mod.ts": "077b48773de9205266a0b44c3c3a3c3083449ed64bb0b6cc461b95720678d38e",
    "https://deno.land/x/dotenv@v3.2.2/util.ts": "693730877b13f8ead2b79b2aa31e2a0652862f7dc0c5f6d2f313f4d39c7b7670",
    "https://deno.land/x/esbuild@v0.14.39/mod.d.ts": "d43b31f590e0fefd3f0ed8dbb359adbf3a8de43f44be31dcc18bdc9756288d06",
    "https://deno.land/x/esbuild@v0.14.39/mod.js": "1647973ebe7c18a72325c782785f8525aec8e303d3a9e656a760493f24b91bbb",
    "https://deno.land/x/esbuild_deno_loader@0.5.0/deps.ts": "e56a7fdf5ba7661f775a5708890c82fa8795c0bc9c66443acfb6610331c0c0e2",
    "https://deno.land/x/esbuild_deno_loader@0.5.0/mod.ts": "bc111a68f323dbdb6edec68dd558ab732b27866d2ef304708872d763387b65d7",
    "https://deno.land/x/esbuild_deno_loader@0.5.0/src/deno.ts": "0e83ccabbe2b004389288e38df2031b79eb347df2d139fce9394d8e88a11f259",
    "https://deno.land/x/esbuild_deno_loader@0.5.0/src/native_loader.ts": "14ded594ca17de7044bc282729e26ee27654748be7e8d87eb408fa88973d53c4",
    "https://deno.land/x/esbuild_deno_loader@0.5.0/src/portable_loader.ts": "c6e5a4d2966f23efb0f8faa5c5a427147dba08dcb6e1cb17b5e59106d1d7d2bb",
    "https://deno.land/x/fresh@1.0.1/dev.ts": "a66c7d64be35bcd6a8e12eec9c27ae335044c70363a241f2e36ee776db468622",
    "https://deno.land/x/fresh@1.0.1/runtime.ts": "b02ec1e2e32cf73a33d262b7c9dcab9468ce16cd89fd424196c71003698a4ab0",
    "https://deno.land/x/fresh@1.0.1/server.ts": "f379c9aad24471a71e58fb887fa57e5cc27ad9df035987eb260541c78df38e84",
    "https://deno.land/x/fresh@1.0.1/src/dev/deps.ts": "cedbe4f824bf8a33ec3f45515f05c5dc2b8bee3b63e8a93d67d58a9db3ba3c38",
    "https://deno.land/x/fresh@1.0.1/src/dev/error.ts": "74799d51ddbe09622b920d950b77511dd5e2e1e7b7c84b7842e815537c42a1f7",
    "https://deno.land/x/fresh@1.0.1/src/dev/mod.ts": "b37d7c2f6b2a502d2a8ced7c3ab3cbf4404458566274226eac5d3fee310b26fa",
    "https://deno.land/x/fresh@1.0.1/src/runtime/csp.ts": "9ee900e9b0b786057b1009da5976298c202d1b86d1f1e4d2510bde5f06530ac9",
    "https://deno.land/x/fresh@1.0.1/src/runtime/head.ts": "0f9932874497ab6e57ed1ba01d549e843523df4a5d36ef97460e7a43e3132fdc",
    "https://deno.land/x/fresh@1.0.1/src/runtime/utils.ts": "8320a874a44bdd5905c7d4b87a0e7a14a6c50a2ed133800e72ae57341e4d4faa",
    "https://deno.land/x/fresh@1.0.1/src/server/bundle.ts": "9939209aa5a6a3fb59de57b195c253ed15291ac87c07bf281019af502f779502",
    "https://deno.land/x/fresh@1.0.1/src/server/constants.ts": "ad10dda1bc20c25c2926f6a8cfd79ef4368d70b4b03a645f65c04b3fa7d93a8c",
    "https://deno.land/x/fresh@1.0.1/src/server/context.ts": "1e579f7a776d4810e54c3038fc322b3d2a54c65b16a274ab5138382acfc8790b",
    "https://deno.land/x/fresh@1.0.1/src/server/default_error_page.tsx": "b216f6688080ead5a2a9997d04a98eb9e11cf5a87391c2a85458b48ab0fe2933",
    "https://deno.land/x/fresh@1.0.1/src/server/deps.ts": "4c762ec4a6f4c2937831f83942bc233441cbad80652b33e46913479653db7602",
    "https://deno.land/x/fresh@1.0.1/src/server/mod.ts": "c329eba9f401543720762d356923e2829d978b6c3d962392bf351783c0fcc441",
    "https://deno.land/x/fresh@1.0.1/src/server/render.tsx": "120137559cd48b44df899a374dbbec385c97ba38fbd512d5f1866a1abed96803",
    "https://deno.land/x/fresh@1.0.1/src/server/types.ts": "c968f263626f2fd5b5fc44b31982eaf3cfd9c0ced5f961d257bdfdbcfb2ed8cb",
    "https://deno.land/x/importmap@0.2.1/_util.ts": "ada9a9618b537e6c0316c048a898352396c882b9f2de38aba18fd3f2950ede89",
    "https://deno.land/x/importmap@0.2.1/mod.ts": "ae3d1cd7eabd18c01a4960d57db471126b020f23b37ef14e1359bbb949227ade",
    "https://deno.land/x/media_types@v2.10.2/db.ts": "d5ecfa410b570874a648aa12bac90d9c6704dc75f1e8c03b8cac97dd02b003ce",
    "https://deno.land/x/media_types@v2.10.2/deps.ts": "adc4e59af148fe5a49087932536cdf24a7027daa16498c2983124e3ec4d90c20",
    "https://deno.land/x/media_types@v2.10.2/mod.ts": "d63583b978d32eff8b76e1ae5d83cba2fb27baa90cc1bcb0ad15a06122ea8c19",
    "https://deno.land/x/semver@v1.4.0/mod.ts": "c3e08f7f0a3e625015ecc9a46cf79a9dc3f081f3c5b3037d3c49c0773e58d265",
    "https://esm.sh/preact-render-to-string@5.2.0?deps=preact@10.8.2": "d77405f6fcaa9b8b3c70bd9265afe18749b8ef06c82999df5fa7b9b4b594a24b",
    "https://esm.sh/preact@10.8.2": "596dfe833c05c2c1b8a5b8bcfb861ef5a7a8ac9d89e4365e27f844b9a6e0dd86",
    "https://esm.sh/preact@10.8.2/hooks": "6434390d85ca569ca655318ade550496c3c03251fdaf27e3fd546dc463604fff",
    "https://esm.sh/stable/preact@10.8.2/deno/hooks.js": "23effd87a4858b752e4afa375237ba792cd63b7f0294b57f915c5dd3262dc076",
    "https://esm.sh/stable/preact@10.8.2/deno/preact.mjs": "75d1231fbc03728b0ffcf66ccf562214a728b24d6cdcc19e637dc8268211c9df",
    "https://esm.sh/v118/preact@10.8.2/hooks/src/index.d.ts": "272fdead5f29c6ad17b8332588a1652fc5bbefb97b5f29d931c55342f4b024f9",
    "https://esm.sh/v118/preact@10.8.2/src/index.d.ts": "d3e2e5125321d592d2458226f311de66411f2fa949e546cbaaefa533c4fb89e3",
    "https://esm.sh/v118/preact@10.8.2/src/jsx.d.ts": "c5d73e52438e7ce5f9333778aad2c38f5f45023c5035d0cc309badceb2ba2a55",
    "https://esm.sh/v126/preact-render-to-string@5.2.0/X-ZC9wcmVhY3RAMTAuOC4y/deno/preact-render-to-string.mjs": "f39ac2d3c849defcfad246408180b50cd38507327fcdce6dcd5354c12209c8c0",
    "https://esm.sh/v126/preact-render-to-string@5.2.0/X-ZC9wcmVhY3RAMTAuOC4y/src/index.d.ts": "b33208df85b8eaad1ab57ee60dcabf63c829236870e6768d1a9cc8a3f63b05a8",
    "https://unpkg.com/esbuild-wasm@0.14.39/esm/browser.js": "d9c7265172400e472ff8ca82fe426ba981bc09c83187c91682373d3dbd22c062"
  }
}
